
Microsoft Visual Studio Solution File, Format Version 12.00
# Visual Studio Version 16
VisualStudioVersion = 16.0.32602.291
MinimumVisualStudioVersion = 10.0.40219.1
Project("{FAE04EC0-301F-11D3-BF4B-00C04F79EFBC}") = "RecupParcialDeMontesBrenda.Windows", "RecupParcialDeMontesBrenda.Windows\RecupParcialDeMontesBrenda.Windows.csproj", "{FAF0A059-3C8C-4454-B0E4-128E9D1DDF26}"
EndProject
Project("{FAE04EC0-301F-11D3-BF4B-00C04F79EFBC}") = "RecupParcialDeMontesBrenda.Datos", "RecupParcialDeMontesBrenda.Datos\RecupParcialDeMontesBrenda.Datos.csproj", "{7E1574E2-9F74-415D-A9EC-6691DE21A8F3}"
EndProject
Project("{FAE04EC0-301F-11D3-BF4B-00C04F79EFBC}") = "RecupParcialDeMontesBrenda.Entidades", "RecupParcialDeMontesBrenda.Entidades\RecupParcialDeMontesBrenda.Entidades.csproj", "{A09A9426-60E4-4280-AF83-E109FA1D527B}"
EndProject
Global
	GlobalSection(SolutionConfigurationPlatforms) = preSolution
		Debug|Any CPU = Debug|Any CPU
		Release|Any CPU = Release|Any CPU
	EndGlobalSection
	GlobalSection(ProjectConfigurationPlatforms) = postSolution
		{FAF0A059-3C8C-4454-B0E4-128E9D1DDF26}.Debug|Any CPU.ActiveCfg = Debug|Any CPU
		{FAF0A059-3C8C-4454-B0E4-128E9D1DDF26}.Debug|Any CPU.Build.0 = Debug|Any CPU
		{FAF0A059-3C8C-4454-B0E4-128E9D1DDF26}.Release|Any CPU.ActiveCfg = Release|Any CPU
		{FAF0A059-3C8C-4454-B0E4-128E9D1DDF26}.Release|Any CPU.Build.0 = Release|Any CPU
		{7E1574E2-9F74-415D-A9EC-6691DE21A8F3}.Debug|Any CPU.ActiveCfg = Debug|Any CPU
		{7E1574E2-9F74-415D-A9EC-6691DE21A8F3}.Debug|Any CPU.Build.0 = Debug|Any CPU
		{7E1574E2-9F74-415D-A9EC-6691DE21A8F3}.Release|Any CPU.ActiveCfg = Release|Any CPU
		{7E1574E2-9F74-415D-A9EC-6691DE21A8F3}.Release|Any CPU.Build.0 = Release|Any CPU
		{A09A9426-60E4-4280-AF83-E109FA1D527B}.Debug|Any CPU.ActiveCfg = Debug|Any CPU
		{A09A9426-60E4-4280-AF83-E109FA1D527B}.Debug|Any CPU.Build.0 = Debug|Any CPU
		{A09A9426-60E4-4280-AF83-E109FA1D527B}.Release|Any CPU.ActiveCfg = Release|Any CPU
		{A09A9426-60E4-4280-AF83-E109FA1D527B}.Release|Any CPU.Build.0 = Release|Any CPU
	EndGlobalSection
	GlobalSection(SolutionProperties) = preSolution
		HideSolutionNode = FALSE
	EndGlobalSection
	GlobalSection(ExtensibilityGlobals) = postSolution
		SolutionGuid = {C42ADD22-661F-4007-8CB2-B50A03A751FD}
	EndGlobalSection
EndGlobal
